
Microsoft Visual Studio Solution File, Format Version 12.00
# Visual Studio Version 16
VisualStudioVersion = 16.0.31624.102
MinimumVisualStudioVersion = 10.0.40219.1
Project("{FAE04EC0-301F-11D3-BF4B-00C04F79EFBC}") = "study", "study\study.csproj", "{288DF32A-FE5D-4AB1-AE68-A14FAF8C7BCA}"
EndProject
Global
	GlobalSection(SolutionConfigurationPlatforms) = preSolution
		Debug|Any CPU = Debug|Any CPU
		Release|Any CPU = Release|Any CPU
	EndGlobalSection
	GlobalSection(ProjectConfigurationPlatforms) = postSolution
		{288DF32A-FE5D-4AB1-AE68-A14FAF8C7BCA}.Debug|Any CPU.ActiveCfg = Debug|Any CPU
		{288DF32A-FE5D-4AB1-AE68-A14FAF8C7BCA}.Debug|Any CPU.Build.0 = Debug|Any CPU
		{288DF32A-FE5D-4AB1-AE68-A14FAF8C7BCA}.Release|Any CPU.ActiveCfg = Release|Any CPU
		{288DF32A-FE5D-4AB1-AE68-A14FAF8C7BCA}.Release|Any CPU.Build.0 = Release|Any CPU
	EndGlobalSection
	GlobalSection(SolutionProperties) = preSolution
		HideSolutionNode = FALSE
	EndGlobalSection
	GlobalSection(ExtensibilityGlobals) = postSolution
		SolutionGuid = {41BC29B3-41FF-4F58-A011-E99C73D156EB}
	EndGlobalSection
EndGlobal
